{
  "requires": true,
  "lockfileVersion": 1,
  "dependencies": {
    "mango-tools": {
      "version": "1.0.0",
      "resolved": "https://registry.npmjs.org/mango-tools/-/mango-tools-1.0.0.tgz",
      "integrity": "sha512-0JMX5T5Bul689/e1/LpAaklcTbVqoVEVrtJ1/bDczan/tdR/wLqjKwsSLdv/zVNsplcVm4FZmw1P8hQhUkMC7A=="
    }
  }
}
